// !$*UTF8*$!
{
	archiveVersion = 1;
	classes = {
	};
	objectVersion = 77;
	objects = {

/* Begin PBXContainerItemProxy section */
		1008F3532D801AD7001E560B /* PBXContainerItemProxy */ = {
			isa = PBXContainerItemProxy;
			containerPortal = 1008F3312D801AD6001E560B /* Project object */;
			proxyType = 1;
			remoteGlobalIDString = 1008F3382D801AD6001E560B;
			remoteInfo = zaico_ios_codingtest;
		};
		1008F35D2D801AD7001E560B /* PBXContainerItemProxy */ = {
			isa = PBXContainerItemProxy;
			containerPortal = 1008F3312D801AD6001E560B /* Project object */;
			proxyType = 1;
			remoteGlobalIDString = 1008F3382D801AD6001E560B;
			remoteInfo = zaico_ios_codingtest;
		};
/* End PBXContainerItemProxy section */

/* Begin PBXFileReference section */
		1008F3392D801AD6001E560B /* zaico_ios_codingtest.app */ = {isa = PBXFileReference; explicitFileType = wrapper.application; includeInIndex = 0; path = zaico_ios_codingtest.app; sourceTree = BUILT_PRODUCTS_DIR; };
		1008F3522D801AD7001E560B /* zaico_ios_codingtestTests.xctest */ = {isa = PBXFileReference; explicitFileType = wrapper.cfbundle; includeInIndex = 0; path = zaico_ios_codingtestTests.xctest; sourceTree = BUILT_PRODUCTS_DIR; };
		1008F35C2D801AD7001E560B /* zaico_ios_codingtestUITests.xctest */ = {isa = PBXFileReference; explicitFileType = wrapper.cfbundle; includeInIndex = 0; path = zaico_ios_codingtestUITests.xctest; sourceTree = BUILT_PRODUCTS_DIR; };
/* End PBXFileReference section */

/* Begin PBXFileSystemSynchronizedBuildFileExceptionSet section */
		1008F3642D801AD7001E560B /* Exceptions for "zaico_ios_codingtest" folder in "zaico_ios_codingtest" target */ = {
			isa = PBXFileSystemSynchronizedBuildFileExceptionSet;
			membershipExceptions = (
				Info.plist,
			);
			target = 1008F3382D801AD6001E560B /* zaico_ios_codingtest */;
		};
/* End PBXFileSystemSynchronizedBuildFileExceptionSet section */

/* Begin PBXFileSystemSynchronizedRootGroup section */
		1008F33B2D801AD6001E560B /* zaico_ios_codingtest */ = {
			isa = PBXFileSystemSynchronizedRootGroup;
			exceptions = (
				1008F3642D801AD7001E560B /* Exceptions for "zaico_ios_codingtest" folder in "zaico_ios_codingtest" target */,
			);
			path = zaico_ios_codingtest;
			sourceTree = "<group>";
		};
		1008F3552D801AD7001E560B /* zaico_ios_codingtestTests */ = {
			isa = PBXFileSystemSynchronizedRootGroup;
			path = zaico_ios_codingtestTests;
			sourceTree = "<group>";
		};
		1008F35F2D801AD7001E560B /* zaico_ios_codingtestUITests */ = {
			isa = PBXFileSystemSynchronizedRootGroup;
			path = zaico_ios_codingtestUITests;
			sourceTree = "<group>";
		};
/* End PBXFileSystemSynchronizedRootGroup section */

/* Begin PBXFrameworksBuildPhase section */
		1008F3362D801AD6001E560B /* Frameworks */ = {
			isa = PBXFrameworksBuildPhase;
			buildActionMask = 2147483647;
			files = (
			);
			runOnlyForDeploymentPostprocessing = 0;
		};
		1008F34F2D801AD7001E560B /* Frameworks */ = {
			isa = PBXFrameworksBuildPhase;
			buildActionMask = 2147483647;
			files = (
			);
			runOnlyForDeploymentPostprocessing = 0;
		};
		1008F3592D801AD7001E560B /* Frameworks */ = {
			isa = PBXFrameworksBuildPhase;
			buildActionMask = 2147483647;
			files = (
			);
			runOnlyForDeploymentPostprocessing = 0;
		};
/* End PBXFrameworksBuildPhase section */

/* Begin PBXGroup section */
		1008F3302D801AD6001E560B = {
			isa = PBXGroup;
			children = (
				1008F33B2D801AD6001E560B /* zaico_ios_codingtest */,
				1008F3552D801AD7001E560B /* zaico_ios_codingtestTests */,
				1008F35F2D801AD7001E560B /* zaico_ios_codingtestUITests */,
				1008F33A2D801AD6001E560B /* Products */,
			);
			sourceTree = "<group>";
		};
		1008F33A2D801AD6001E560B /* Products */ = {
			isa = PBXGroup;
			children = (
				1008F3392D801AD6001E560B /* zaico_ios_codingtest.app */,
				1008F3522D801AD7001E560B /* zaico_ios_codingtestTests.xctest */,
				1008F35C2D801AD7001E560B /* zaico_ios_codingtestUITests.xctest */,
			);
			name = Products;
			sourceTree = "<group>";
		};
/* End PBXGroup section */

/* Begin PBXNativeTarget section */
		1008F3382D801AD6001E560B /* zaico_ios_codingtest */ = {
			isa = PBXNativeTarget;
			buildConfigurationList = 1008F3652D801AD7001E560B /* Build configuration list for PBXNativeTarget "zaico_ios_codingtest" */;
			buildPhases = (
				1008F3352D801AD6001E560B /* Sources */,
				1008F3362D801AD6001E560B /* Frameworks */,
				1008F3372D801AD6001E560B /* Resources */,
			);
			buildRules = (
			);
			dependencies = (
			);
			fileSystemSynchronizedGroups = (
				1008F33B2D801AD6001E560B /* zaico_ios_codingtest */,
			);
			name = zaico_ios_codingtest;
			packageProductDependencies = (
			);
			productName = zaico_ios_codingtest;
			productReference = 1008F3392D801AD6001E560B /* zaico_ios_codingtest.app */;
			productType = "com.apple.product-type.application";
		};
		1008F3512D801AD7001E560B /* zaico_ios_codingtestTests */ = {
			isa = PBXNativeTarget;
			buildConfigurationList = 1008F36A2D801AD7001E560B /* Build configuration list for PBXNativeTarget "zaico_ios_codingtestTests" */;
			buildPhases = (
				1008F34E2D801AD7001E560B /* Sources */,
				1008F34F2D801AD7001E560B /* Frameworks */,
				1008F3502D801AD7001E560B /* Resources */,
			);
			buildRules = (
			);
			dependencies = (
				1008F3542D801AD7001E560B /* PBXTargetDependency */,
			);
			fileSystemSynchronizedGroups = (
				1008F3552D801AD7001E560B /* zaico_ios_codingtestTests */,
			);
			name = zaico_ios_codingtestTests;
			packageProductDependencies = (
			);
			productName = zaico_ios_codingtestTests;
			productReference = 1008F3522D801AD7001E560B /* zaico_ios_codingtestTests.xctest */;
			productType = "com.apple.product-type.bundle.unit-test";
		};
		1008F35B2D801AD7001E560B /* zaico_ios_codingtestUITests */ = {
			isa = PBXNativeTarget;
			buildConfigurationList = 1008F36D2D801AD7001E560B /* Build configuration list for PBXNativeTarget "zaico_ios_codingtestUITests" */;
			buildPhases = (
				1008F3582D801AD7001E560B /* Sources */,
				1008F3592D801AD7001E560B /* Frameworks */,
				1008F35A2D801AD7001E560B /* Resources */,
			);
			buildRules = (
			);
			dependencies = (
				1008F35E2D801AD7001E560B /* PBXTargetDependency */,
			);
			fileSystemSynchronizedGroups = (
				1008F35F2D801AD7001E560B /* zaico_ios_codingtestUITests */,
			);
			name = zaico_ios_codingtestUITests;
			packageProductDependencies = (
			);
			productName = zaico_ios_codingtestUITests;
			productReference = 1008F35C2D801AD7001E560B /* zaico_ios_codingtestUITests.xctest */;
			productType = "com.apple.product-type.bundle.ui-testing";
		};
/* End PBXNativeTarget section */

/* Begin PBXProject section */
		1008F3312D801AD6001E560B /* Project object */ = {
			isa = PBXProject;
			attributes = {
				BuildIndependentTargetsInParallel = 1;
				LastSwiftUpdateCheck = 1610;
				LastUpgradeCheck = 1610;
				TargetAttributes = {
					1008F3382D801AD6001E560B = {
						CreatedOnToolsVersion = 16.1;
					};
					1008F3512D801AD7001E560B = {
						CreatedOnToolsVersion = 16.1;
						TestTargetID = 1008F3382D801AD6001E560B;
					};
					1008F35B2D801AD7001E560B = {
						CreatedOnToolsVersion = 16.1;
						TestTargetID = 1008F3382D801AD6001E560B;
					};
				};
			};
			buildConfigurationList = 1008F3342D801AD6001E560B /* Build configuration list for PBXProject "zaico_ios_codingtest" */;
			developmentRegion = en;
			hasScannedForEncodings = 0;
			knownRegions = (
				en,
				Base,
			);
			mainGroup = 1008F3302D801AD6001E560B;
			minimizedProjectReferenceProxies = 1;
			preferredProjectObjectVersion = 77;
			productRefGroup = 1008F33A2D801AD6001E560B /* Products */;
			projectDirPath = "";
			projectRoot = "";
			targets = (
				1008F3382D801AD6001E560B /* zaico_ios_codingtest */,
				1008F3512D801AD7001E560B /* zaico_ios_codingtestTests */,
				1008F35B2D801AD7001E560B /* zaico_ios_codingtestUITests */,
			);
		};
/* End PBXProject section */

/* Begin PBXResourcesBuildPhase section */
		1008F3372D801AD6001E560B /* Resources */ = {
			isa = PBXResourcesBuildPhase;
			buildActionMask = 2147483647;
			files = (
			);
			runOnlyForDeploymentPostprocessing = 0;
		};
		1008F3502D801AD7001E560B /* Resources */ = {
			isa = PBXResourcesBuildPhase;
			buildActionMask = 2147483647;
			files = (
			);
			runOnlyForDeploymentPostprocessing = 0;
		};
		1008F35A2D801AD7001E560B /* Resources */ = {
			isa = PBXResourcesBuildPhase;
			buildActionMask = 2147483647;
			files = (
			);
			runOnlyForDeploymentPostprocessing = 0;
		};
/* End PBXResourcesBuildPhase section */

/* Begin PBXSourcesBuildPhase section */
		1008F3352D801AD6001E560B /* Sources */ = {
			isa = PBXSourcesBuildPhase;
			buildActionMask = 2147483647;
			files = (
			);
			runOnlyForDeploymentPostprocessing = 0;
		};
		1008F34E2D801AD7001E560B /* Sources */ = {
			isa = PBXSourcesBuildPhase;
			buildActionMask = 2147483647;
			files = (
			);
			runOnlyForDeploymentPostprocessing = 0;
		};
		1008F3582D801AD7001E560B /* Sources */ = {
			isa = PBXSourcesBuildPhase;
			buildActionMask = 2147483647;
			files = (
			);
			runOnlyForDeploymentPostprocessing = 0;
		};
/* End PBXSourcesBuildPhase section */

/* Begin PBXTargetDependency section */
		1008F3542D801AD7001E560B /* PBXTargetDependency */ = {
			isa = PBXTargetDependency;
			target = 1008F3382D801AD6001E560B /* zaico_ios_codingtest */;
			targetProxy = 1008F3532D801AD7001E560B /* PBXContainerItemProxy */;
		};
		1008F35E2D801AD7001E560B /* PBXTargetDependency */ = {
			isa = PBXTargetDependency;
			target = 1008F3382D801AD6001E560B /* zaico_ios_codingtest */;
			targetProxy = 1008F35D2D801AD7001E560B /* PBXContainerItemProxy */;
		};
/* End PBXTargetDependency section */

/* Begin XCBuildConfiguration section */
		1008F3662D801AD7001E560B /* Debug */ = {
			isa = XCBuildConfiguration;
			buildSettings = {
				ASSETCATALOG_COMPILER_APPICON_NAME = AppIcon;
				ASSETCATALOG_COMPILER_GLOBAL_ACCENT_COLOR_NAME = AccentColor;
				CODE_SIGN_STYLE = Automatic;
				CURRENT_PROJECT_VERSION = 1;
				DEVELOPMENT_TEAM = RHQWK52K6D;
				GENERATE_INFOPLIST_FILE = YES;
				INFOPLIST_FILE = zaico_ios_codingtest/Info.plist;
				INFOPLIST_KEY_UIApplicationSupportsIndirectInputEvents = YES;
				INFOPLIST_KEY_UILaunchStoryboardName = LaunchScreen;
				INFOPLIST_KEY_UIMainStoryboardFile = Main;
				INFOPLIST_KEY_UISupportedInterfaceOrientations_iPad = "UIInterfaceOrientationPortrait UIInterfaceOrientationPortraitUpsideDown UIInterfaceOrientationLandscapeLeft UIInterfaceOrientationLandscapeRight";
				INFOPLIST_KEY_UISupportedInterfaceOrientations_iPhone = "UIInterfaceOrientationPortrait UIInterfaceOrientationLandscapeLeft UIInterfaceOrientationLandscapeRight";
				LD_RUNPATH_SEARCH_PATHS = (
					"$(inherited)",
					"@executable_path/Frameworks",
				);
				MARKETING_VERSION = 1.0;
				PRODUCT_BUNDLE_IDENTIFIER = "com.zaico-ios-codingtest";
				PRODUCT_NAME = "$(TARGET_NAME)";
				SWIFT_EMIT_LOC_STRINGS = YES;
				SWIFT_VERSION = 5.0;
				TARGETED_DEVICE_FAMILY = "1,2";
			};
			name = Debug;
		};
		1008F3672D801AD7001E560B /* Release */ = {
			isa = XCBuildConfiguration;
			buildSettings = {
				ASSETCATALOG_COMPILER_APPICON_NAME = AppIcon;
				ASSETCATALOG_COMPILER_GLOBAL_ACCENT_COLOR_NAME = AccentColor;
				CODE_SIGN_STYLE = Automatic;
				CURRENT_PROJECT_VERSION = 1;
				DEVELOPMENT_TEAM = RHQWK52K6D;
				GENERATE_INFOPLIST_FILE = YES;
				INFOPLIST_FILE = zaico_ios_codingtest/Info.plist;
				INFOPLIST_KEY_UIApplicationSupportsIndirectInputEvents = YES;
				INFOPLIST_KEY_UILaunchStoryboardName = LaunchScreen;
				INFOPLIST_KEY_UIMainStoryboardFile = Main;
				INFOPLIST_KEY_UISupportedInterfaceOrientations_iPad = "UIInterfaceOrientationPortrait UIInterfaceOrientationPortraitUpsideDown UIInterfaceOrientationLandscapeLeft UIInterfaceOrientationLandscapeRight";
				INFOPLIST_KEY_UISupportedInterfaceOrientations_iPhone = "UIInterfaceOrientationPortrait UIInterfaceOrientationLandscapeLeft UIInterfaceOrientationLandscapeRight";
				LD_RUNPATH_SEARCH_PATHS = (
					"$(inherited)",
					"@executable_path/Frameworks",
				);
				MARKETING_VERSION = 1.0;
				PRODUCT_BUNDLE_IDENTIFIER = "com.zaico-ios-codingtest";
				PRODUCT_NAME = "$(TARGET_NAME)";
				SWIFT_EMIT_LOC_STRINGS = YES;
				SWIFT_VERSION = 5.0;
				TARGETED_DEVICE_FAMILY = "1,2";
			};
			name = Release;
		};
		1008F3682D801AD7001E560B /* Debug */ = {
			isa = XCBuildConfiguration;
			buildSettings = {
				ALWAYS_SEARCH_USER_PATHS = NO;
				ASSETCATALOG_COMPILER_GENERATE_SWIFT_ASSET_SYMBOL_EXTENSIONS = YES;
				CLANG_ANALYZER_NONNULL = YES;
				CLANG_ANALYZER_NUMBER_OBJECT_CONVERSION = YES_AGGRESSIVE;
				CLANG_CXX_LANGUAGE_STANDARD = "gnu++20";
				CLANG_ENABLE_MODULES = YES;
				CLANG_ENABLE_OBJC_ARC = YES;
				CLANG_ENABLE_OBJC_WEAK = YES;
				CLANG_WARN_BLOCK_CAPTURE_AUTORELEASING = YES;
				CLANG_WARN_BOOL_CONVERSION = YES;
				CLANG_WARN_COMMA = YES;
				CLANG_WARN_CONSTANT_CONVERSION = YES;
				CLANG_WARN_DEPRECATED_OBJC_IMPLEMENTATIONS = YES;
				CLANG_WARN_DIRECT_OBJC_ISA_USAGE = YES_ERROR;
				CLANG_WARN_DOCUMENTATION_COMMENTS = YES;
				CLANG_WARN_EMPTY_BODY = YES;
				CLANG_WARN_ENUM_CONVERSION = YES;
				CLANG_WARN_INFINITE_RECURSION = YES;
				CLANG_WARN_INT_CONVERSION = YES;
				CLANG_WARN_NON_LITERAL_NULL_CONVERSION = YES;
				CLANG_WARN_OBJC_IMPLICIT_RETAIN_SELF = YES;
				CLANG_WARN_OBJC_LITERAL_CONVERSION = YES;
				CLANG_WARN_OBJC_ROOT_CLASS = YES_ERROR;
				CLANG_WARN_QUOTED_INCLUDE_IN_FRAMEWORK_HEADER = YES;
				CLANG_WARN_RANGE_LOOP_ANALYSIS = YES;
				CLANG_WARN_STRICT_PROTOTYPES = YES;
				CLANG_WARN_SUSPICIOUS_MOVE = YES;
				CLANG_WARN_UNGUARDED_AVAILABILITY = YES_AGGRESSIVE;
				CLANG_WARN_UNREACHABLE_CODE = YES;
				CLANG_WARN__DUPLICATE_METHOD_MATCH = YES;
				COPY_PHASE_STRIP = NO;
				DEBUG_INFORMATION_FORMAT = dwarf;
				ENABLE_STRICT_OBJC_MSGSEND = YES;
				ENABLE_TESTABILITY = YES;
				ENABLE_USER_SCRIPT_SANDBOXING = YES;
				GCC_C_LANGUAGE_STANDARD = gnu17;
				GCC_DYNAMIC_NO_PIC = NO;
				GCC_NO_COMMON_BLOCKS = YES;
				GCC_OPTIMIZATION_LEVEL = 0;
				GCC_PREPROCESSOR_DEFINITIONS = (
					"DEBUG=1",
					"$(inherited)",
				);
				GCC_WARN_64_TO_32_BIT_CONVERSION = YES;
				GCC_WARN_ABOUT_RETURN_TYPE = YES_ERROR;
				GCC_WARN_UNDECLARED_SELECTOR = YES;
				GCC_WARN_UNINITIALIZED_AUTOS = YES_AGGRESSIVE;
				GCC_WARN_UNUSED_FUNCTION = YES;
				GCC_WARN_UNUSED_VARIABLE = YES;
				IPHONEOS_DEPLOYMENT_TARGET = 18.1;
				LOCALIZATION_PREFERS_STRING_CATALOGS = YES;
				MTL_ENABLE_DEBUG_INFO = INCLUDE_SOURCE;
				MTL_FAST_MATH = YES;
				ONLY_ACTIVE_ARCH = YES;
				SDKROOT = iphoneos;
				SWIFT_ACTIVE_COMPILATION_CONDITIONS = "DEBUG $(inherited)";
				SWIFT_OPTIMIZATION_LEVEL = "-Onone";
			};
			name = Debug;
		};
		1008F3692D801AD7001E560B /* Release */ = {
			isa = XCBuildConfiguration;
			buildSettings = {
				ALWAYS_SEARCH_USER_PATHS = NO;
				ASSETCATALOG_COMPILER_GENERATE_SWIFT_ASSET_SYMBOL_EXTENSIONS = YES;
				CLANG_ANALYZER_NONNULL = YES;
				CLANG_ANALYZER_NUMBER_OBJECT_CONVERSION = YES_AGGRESSIVE;
				CLANG_CXX_LANGUAGE_STANDARD = "gnu++20";
				CLANG_ENABLE_MODULES = YES;
				CLANG_ENABLE_OBJC_ARC = YES;
				CLANG_ENABLE_OBJC_WEAK = YES;
				CLANG_WARN_BLOCK_CAPTURE_AUTORELEASING = YES;
				CLANG_WARN_BOOL_CONVERSION = YES;
				CLANG_WARN_COMMA = YES;
				CLANG_WARN_CONSTANT_CONVERSION = YES;
				CLANG_WARN_DEPRECATED_OBJC_IMPLEMENTATIONS = YES;
				CLANG_WARN_DIRECT_OBJC_ISA_USAGE = YES_ERROR;
				CLANG_WARN_DOCUMENTATION_COMMENTS = YES;
				CLANG_WARN_EMPTY_BODY = YES;
				CLANG_WARN_ENUM_CONVERSION = YES;
				CLANG_WARN_INFINITE_RECURSION = YES;
				CLANG_WARN_INT_CONVERSION = YES;
				CLANG_WARN_NON_LITERAL_NULL_CONVERSION = YES;
				CLANG_WARN_OBJC_IMPLICIT_RETAIN_SELF = YES;
				CLANG_WARN_OBJC_LITERAL_CONVERSION = YES;
				CLANG_WARN_OBJC_ROOT_CLASS = YES_ERROR;
				CLANG_WARN_QUOTED_INCLUDE_IN_FRAMEWORK_HEADER = YES;
				CLANG_WARN_RANGE_LOOP_ANALYSIS = YES;
				CLANG_WARN_STRICT_PROTOTYPES = YES;
				CLANG_WARN_SUSPICIOUS_MOVE = YES;
				CLANG_WARN_UNGUARDED_AVAILABILITY = YES_AGGRESSIVE;
				CLANG_WARN_UNREACHABLE_CODE = YES;
				CLANG_WARN__DUPLICATE_METHOD_MATCH = YES;
				COPY_PHASE_STRIP = NO;
				DEBUG_INFORMATION_FORMAT = "dwarf-with-dsym";
				ENABLE_NS_ASSERTIONS = NO;
				ENABLE_STRICT_OBJC_MSGSEND = YES;
				ENABLE_USER_SCRIPT_SANDBOXING = YES;
				GCC_C_LANGUAGE_STANDARD = gnu17;
				GCC_NO_COMMON_BLOCKS = YES;
				GCC_WARN_64_TO_32_BIT_CONVERSION = YES;
				GCC_WARN_ABOUT_RETURN_TYPE = YES_ERROR;
				GCC_WARN_UNDECLARED_SELECTOR = YES;
				GCC_WARN_UNINITIALIZED_AUTOS = YES_AGGRESSIVE;
				GCC_WARN_UNUSED_FUNCTION = YES;
				GCC_WARN_UNUSED_VARIABLE = YES;
				IPHONEOS_DEPLOYMENT_TARGET = 18.1;
				LOCALIZATION_PREFERS_STRING_CATALOGS = YES;
				MTL_ENABLE_DEBUG_INFO = NO;
				MTL_FAST_MATH = YES;
				SDKROOT = iphoneos;
				SWIFT_COMPILATION_MODE = wholemodule;
				VALIDATE_PRODUCT = YES;
			};
			name = Release;
		};
		1008F36B2D801AD7001E560B /* Debug */ = {
			isa = XCBuildConfiguration;
			buildSettings = {
				BUNDLE_LOADER = "$(TEST_HOST)";
				CODE_SIGN_STYLE = Automatic;
				CURRENT_PROJECT_VERSION = 1;
				DEVELOPMENT_TEAM = 2RJGM243A9;
				GENERATE_INFOPLIST_FILE = YES;
				IPHONEOS_DEPLOYMENT_TARGET = 18.1;
				MARKETING_VERSION = 1.0;
				PRODUCT_BUNDLE_IDENTIFIER = "com.zaico-ios-codingtestTests";
				PRODUCT_NAME = "$(TARGET_NAME)";
				SWIFT_EMIT_LOC_STRINGS = NO;
				SWIFT_VERSION = 5.0;
				TARGETED_DEVICE_FAMILY = "1,2";
				TEST_HOST = "$(BUILT_PRODUCTS_DIR)/zaico_ios_codingtest.app/$(BUNDLE_EXECUTABLE_FOLDER_PATH)/zaico_ios_codingtest";
			};
			name = Debug;
		};
		1008F36C2D801AD7001E560B /* Release */ = {
			isa = XCBuildConfiguration;
			buildSettings = {
				BUNDLE_LOADER = "$(TEST_HOST)";
				CODE_SIGN_STYLE = Automatic;
				CURRENT_PROJECT_VERSION = 1;
				DEVELOPMENT_TEAM = 2RJGM243A9;
				GENERATE_INFOPLIST_FILE = YES;
				IPHONEOS_DEPLOYMENT_TARGET = 18.1;
				MARKETING_VERSION = 1.0;
				PRODUCT_BUNDLE_IDENTIFIER = "com.zaico-ios-codingtestTests";
				PRODUCT_NAME = "$(TARGET_NAME)";
				SWIFT_EMIT_LOC_STRINGS = NO;
				SWIFT_VERSION = 5.0;
				TARGETED_DEVICE_FAMILY = "1,2";
				TEST_HOST = "$(BUILT_PRODUCTS_DIR)/zaico_ios_codingtest.app/$(BUNDLE_EXECUTABLE_FOLDER_PATH)/zaico_ios_codingtest";
			};
			name = Release;
		};
		1008F36E2D801AD7001E560B /* Debug */ = {
			isa = XCBuildConfiguration;
			buildSettings = {
				CODE_SIGN_STYLE = Automatic;
				CURRENT_PROJECT_VERSION = 1;
				DEVELOPMENT_TEAM = 2RJGM243A9;
				GENERATE_INFOPLIST_FILE = YES;
				MARKETING_VERSION = 1.0;
				PRODUCT_BUNDLE_IDENTIFIER = "com.zaico-ios-codingtestUITests";
				PRODUCT_NAME = "$(TARGET_NAME)";
				SWIFT_EMIT_LOC_STRINGS = NO;
				SWIFT_VERSION = 5.0;
				TARGETED_DEVICE_FAMILY = "1,2";
				TEST_TARGET_NAME = zaico_ios_codingtest;
			};
			name = Debug;
		};
		1008F36F2D801AD7001E560B /* Release */ = {
			isa = XCBuildConfiguration;
			buildSettings = {
				CODE_SIGN_STYLE = Automatic;
				CURRENT_PROJECT_VERSION = 1;
				DEVELOPMENT_TEAM = 2RJGM243A9;
				GENERATE_INFOPLIST_FILE = YES;
				MARKETING_VERSION = 1.0;
				PRODUCT_BUNDLE_IDENTIFIER = "com.zaico-ios-codingtestUITests";
				PRODUCT_NAME = "$(TARGET_NAME)";
				SWIFT_EMIT_LOC_STRINGS = NO;
				SWIFT_VERSION = 5.0;
				TARGETED_DEVICE_FAMILY = "1,2";
				TEST_TARGET_NAME = zaico_ios_codingtest;
			};
			name = Release;
		};
/* End XCBuildConfiguration section */

/* Begin XCConfigurationList section */
		1008F3342D801AD6001E560B /* Build configuration list for PBXProject "zaico_ios_codingtest" */ = {
			isa = XCConfigurationList;
			buildConfigurations = (
				1008F3682D801AD7001E560B /* Debug */,
				1008F3692D801AD7001E560B /* Release */,
			);
			defaultConfigurationIsVisible = 0;
			defaultConfigurationName = Release;
		};
		1008F3652D801AD7001E560B /* Build configuration list for PBXNativeTarget "zaico_ios_codingtest" */ = {
			isa = XCConfigurationList;
			buildConfigurations = (
				1008F3662D801AD7001E560B /* Debug */,
				1008F3672D801AD7001E560B /* Release */,
			);
			defaultConfigurationIsVisible = 0;
			defaultConfigurationName = Release;
		};
		1008F36A2D801AD7001E560B /* Build configuration list for PBXNativeTarget "zaico_ios_codingtestTests" */ = {
			isa = XCConfigurationList;
			buildConfigurations = (
				1008F36B2D801AD7001E560B /* Debug */,
				1008F36C2D801AD7001E560B /* Release */,
			);
			defaultConfigurationIsVisible = 0;
			defaultConfigurationName = Release;
		};
		1008F36D2D801AD7001E560B /* Build configuration list for PBXNativeTarget "zaico_ios_codingtestUITests" */ = {
			isa = XCConfigurationList;
			buildConfigurations = (
				1008F36E2D801AD7001E560B /* Debug */,
				1008F36F2D801AD7001E560B /* Release */,
			);
			defaultConfigurationIsVisible = 0;
			defaultConfigurationName = Release;
		};
/* End XCConfigurationList section */
	};
	rootObject = 1008F3312D801AD6001E560B /* Project object */;
}
